
Microsoft Visual Studio Solution File, Format Version 12.00
# Visual Studio Version 17
VisualStudioVersion = 17.14.36616.10
MinimumVisualStudioVersion = 10.0.40219.1
Project("{FAE04EC0-301F-11D3-BF4B-00C04F79EFBC}") = "ScienceLibrary", "ScienceLibrary\ScienceLibrary.csproj", "{14E7BE9D-CA81-4A66-A855-A31CB5465B60}"
EndProject
Project("{FAE04EC0-301F-11D3-BF4B-00C04F79EFBC}") = "PhysicsLibrary", "PhysicsLibrary\PhysicsLibrary.csproj", "{08A614A5-9F76-4DAF-840F-F81C764A9EBC}"
EndProject
Project("{FAE04EC0-301F-11D3-BF4B-00C04F79EFBC}") = "BiologyLibrary", "BiologyLibrary\BiologyLibrary.csproj", "{1465F94B-4F03-467E-AADD-6333E5573956}"
EndProject
Project("{FAE04EC0-301F-11D3-BF4B-00C04F79EFBC}") = "ChemistryLibrary", "ChemistryLibrary\ChemistryLibrary.csproj", "{56F1D973-856C-405B-8B2E-13EA590B25CA}"
EndProject
Project("{2150E333-8FDC-42A3-9474-1A3956D46DE8}") = "Solution Items", "Solution Items", "{8EC462FD-D22E-90A8-E5CE-7E832BA40C5D}"
	ProjectSection(SolutionItems) = preProject
		nuget.config = nuget.config
	EndProjectSection
EndProject
Project("{2150E333-8FDC-42A3-9474-1A3956D46DE8}") = ".github", ".github", "{02EA681E-C7D8-13C7-8484-4AC65E1B71E8}"
EndProject
Project("{2150E333-8FDC-42A3-9474-1A3956D46DE8}") = "workflows", "workflows", "{34666A06-7AD8-429F-9075-F7E4F228E72D}"
	ProjectSection(SolutionItems) = preProject
		publish-env3.yml = publish-env3.yml
	EndProjectSection
EndProject
Global
	GlobalSection(SolutionConfigurationPlatforms) = preSolution
		Debug|Any CPU = Debug|Any CPU
		Release|Any CPU = Release|Any CPU
	EndGlobalSection
	GlobalSection(ProjectConfigurationPlatforms) = postSolution
		{14E7BE9D-CA81-4A66-A855-A31CB5465B60}.Debug|Any CPU.ActiveCfg = Debug|Any CPU
		{14E7BE9D-CA81-4A66-A855-A31CB5465B60}.Debug|Any CPU.Build.0 = Debug|Any CPU
		{14E7BE9D-CA81-4A66-A855-A31CB5465B60}.Release|Any CPU.ActiveCfg = Release|Any CPU
		{14E7BE9D-CA81-4A66-A855-A31CB5465B60}.Release|Any CPU.Build.0 = Release|Any CPU
		{08A614A5-9F76-4DAF-840F-F81C764A9EBC}.Debug|Any CPU.ActiveCfg = Debug|Any CPU
		{08A614A5-9F76-4DAF-840F-F81C764A9EBC}.Debug|Any CPU.Build.0 = Debug|Any CPU
		{08A614A5-9F76-4DAF-840F-F81C764A9EBC}.Release|Any CPU.ActiveCfg = Release|Any CPU
		{08A614A5-9F76-4DAF-840F-F81C764A9EBC}.Release|Any CPU.Build.0 = Release|Any CPU
		{1465F94B-4F03-467E-AADD-6333E5573956}.Debug|Any CPU.ActiveCfg = Debug|Any CPU
		{1465F94B-4F03-467E-AADD-6333E5573956}.Debug|Any CPU.Build.0 = Debug|Any CPU
		{1465F94B-4F03-467E-AADD-6333E5573956}.Release|Any CPU.ActiveCfg = Release|Any CPU
		{1465F94B-4F03-467E-AADD-6333E5573956}.Release|Any CPU.Build.0 = Release|Any CPU
		{56F1D973-856C-405B-8B2E-13EA590B25CA}.Debug|Any CPU.ActiveCfg = Debug|Any CPU
		{56F1D973-856C-405B-8B2E-13EA590B25CA}.Debug|Any CPU.Build.0 = Debug|Any CPU
		{56F1D973-856C-405B-8B2E-13EA590B25CA}.Release|Any CPU.ActiveCfg = Release|Any CPU
		{56F1D973-856C-405B-8B2E-13EA590B25CA}.Release|Any CPU.Build.0 = Release|Any CPU
	EndGlobalSection
	GlobalSection(SolutionProperties) = preSolution
		HideSolutionNode = FALSE
	EndGlobalSection
	GlobalSection(NestedProjects) = preSolution
		{02EA681E-C7D8-13C7-8484-4AC65E1B71E8} = {8EC462FD-D22E-90A8-E5CE-7E832BA40C5D}
		{34666A06-7AD8-429F-9075-F7E4F228E72D} = {02EA681E-C7D8-13C7-8484-4AC65E1B71E8}
	EndGlobalSection
	GlobalSection(ExtensibilityGlobals) = postSolution
		SolutionGuid = {88BD5494-2FF8-48BF-B05F-099B6C7A43AB}
	EndGlobalSection
EndGlobal
